// !$*UTF8*$!
{
	archiveVersion = 1;
	classes = {
	};
	objectVersion = 42;
	objects = {

/* Begin PBXBuildFile section */
		7B0B54DF0D4A459E003BC853 /* SharedMenusObj.h in Headers */ = {isa = PBXBuildFile; fileRef = F5AD4DF30341B12B01A80002 /* SharedMenusObj.h */; settings = {ATTRIBUTES = (Public, ); }; };
		7B0B54E00D4A459E003BC853 /* MenuSharing.h in Headers */ = {isa = PBXBuildFile; fileRef = F5AD4DF70341B14B01A80002 /* MenuSharing.h */; settings = {ATTRIBUTES = (Public, ); }; };
		7B0B54E20D4A459E003BC853 /* InfoPlist.strings in Resources */ = {isa = PBXBuildFile; fileRef = 089C1666FE841158C02AAC07 /* InfoPlist.strings */; };
		7B0B54E40D4A459E003BC853 /* SharedMenusObj.m in Sources */ = {isa = PBXBuildFile; fileRef = F5AD4DF50341B13401A80002 /* SharedMenusObj.m */; };
		7B0B54E50D4A459E003BC853 /* MenuSharing.c in Sources */ = {isa = PBXBuildFile; fileRef = F5AD4DF90341B15601A80002 /* MenuSharing.c */; };
		7B0B54E70D4A459E003BC853 /* Cocoa.framework in Frameworks */ = {isa = PBXBuildFile; fileRef = 1058C7B1FEA5585E11CA2CBB /* Cocoa.framework */; };
		7B0B54E80D4A459E003BC853 /* Carbon.framework in Frameworks */ = {isa = PBXBuildFile; fileRef = F5ACCBD4033DF40901A80002 /* Carbon.framework */; };
/* End PBXBuildFile section */

/* Begin PBXFileReference section */
		0867D69BFE84028FC02AAC07 /* Foundation.framework */ = {isa = PBXFileReference; lastKnownFileType = wrapper.framework; name = Foundation.framework; path = /System/Library/Frameworks/Foundation.framework; sourceTree = "<absolute>"; };
		0867D6A5FE840307C02AAC07 /* AppKit.framework */ = {isa = PBXFileReference; lastKnownFileType = wrapper.framework; name = AppKit.framework; path = /System/Library/Frameworks/AppKit.framework; sourceTree = "<absolute>"; };
		089C1667FE841158C02AAC07 /* English */ = {isa = PBXFileReference; fileEncoding = 10; lastKnownFileType = text.plist.strings; name = English; path = English.lproj/InfoPlist.strings; sourceTree = "<group>"; };
		1058C7B1FEA5585E11CA2CBB /* Cocoa.framework */ = {isa = PBXFileReference; lastKnownFileType = wrapper.framework; name = Cocoa.framework; path = /System/Library/Frameworks/Cocoa.framework; sourceTree = "<absolute>"; };
		7B0B54EE0D4A459E003BC853 /* Info.plist */ = {isa = PBXFileReference; lastKnownFileType = text.plist.xml; path = Info.plist; sourceTree = "<group>"; };
		7B0B54EF0D4A459E003BC853 /* SharedMenusCocoa.framework */ = {isa = PBXFileReference; explicitFileType = wrapper.framework; includeInIndex = 0; path = SharedMenusCocoa.framework; sourceTree = BUILT_PRODUCTS_DIR; };
		F5ACCBD4033DF40901A80002 /* Carbon.framework */ = {isa = PBXFileReference; lastKnownFileType = wrapper.framework; name = Carbon.framework; path = /System/Library/Frameworks/Carbon.framework; sourceTree = "<absolute>"; };
		F5AD4DF30341B12B01A80002 /* SharedMenusObj.h */ = {isa = PBXFileReference; lastKnownFileType = sourcecode.c.h; path = SharedMenusObj.h; sourceTree = "<group>"; };
		F5AD4DF50341B13401A80002 /* SharedMenusObj.m */ = {isa = PBXFileReference; lastKnownFileType = sourcecode.c.objc; path = SharedMenusObj.m; sourceTree = "<group>"; };
		F5AD4DF70341B14B01A80002 /* MenuSharing.h */ = {isa = PBXFileReference; lastKnownFileType = sourcecode.c.h; path = MenuSharing.h; sourceTree = "<group>"; };
		F5AD4DF90341B15601A80002 /* MenuSharing.c */ = {isa = PBXFileReference; lastKnownFileType = sourcecode.c.c; path = MenuSharing.c; sourceTree = "<group>"; };
/* End PBXFileReference section */

/* Begin PBXFrameworksBuildPhase section */
		7B0B54E60D4A459E003BC853 /* Frameworks */ = {
			isa = PBXFrameworksBuildPhase;
			buildActionMask = 2147483647;
			files = (
				7B0B54E70D4A459E003BC853 /* Cocoa.framework in Frameworks */,
				7B0B54E80D4A459E003BC853 /* Carbon.framework in Frameworks */,
			);
			runOnlyForDeploymentPostprocessing = 0;
		};
/* End PBXFrameworksBuildPhase section */

/* Begin PBXGroup section */
		034768DFFF38A50411DB9C8B /* Products */ = {
			isa = PBXGroup;
			children = (
				7B0B54EF0D4A459E003BC853 /* SharedMenusCocoa.framework */,
			);
			name = Products;
			sourceTree = "<group>";
		};
		0867D691FE84028FC02AAC07 /* SharedMenusCocoa */ = {
			isa = PBXGroup;
			children = (
				08FB77AEFE84172EC02AAC07 /* Classes */,
				F5ACCBCF033DF33101A80002 /* Sources */,
				089C1665FE841158C02AAC07 /* Resources */,
				0867D69AFE84028FC02AAC07 /* External Frameworks and Libraries */,
				034768DFFF38A50411DB9C8B /* Products */,
			);
			name = SharedMenusCocoa;
			sourceTree = "<group>";
		};
		0867D69AFE84028FC02AAC07 /* External Frameworks and Libraries */ = {
			isa = PBXGroup;
			children = (
				1058C7B0FEA5585E11CA2CBB /* Linked Frameworks */,
				1058C7B2FEA5585E11CA2CBB /* Other Frameworks */,
			);
			name = "External Frameworks and Libraries";
			sourceTree = "<group>";
		};
		089C1665FE841158C02AAC07 /* Resources */ = {
			isa = PBXGroup;
			children = (
				7B0B54EE0D4A459E003BC853 /* Info.plist */,
				089C1666FE841158C02AAC07 /* InfoPlist.strings */,
			);
			name = Resources;
			sourceTree = "<group>";
		};
		08FB77AEFE84172EC02AAC07 /* Classes */ = {
			isa = PBXGroup;
			children = (
				F5AD4DF30341B12B01A80002 /* SharedMenusObj.h */,
				F5AD4DF50341B13401A80002 /* SharedMenusObj.m */,
			);
			name = Classes;
			sourceTree = "<group>";
		};
		1058C7B0FEA5585E11CA2CBB /* Linked Frameworks */ = {
			isa = PBXGroup;
			children = (
				1058C7B1FEA5585E11CA2CBB /* Cocoa.framework */,
				F5ACCBD4033DF40901A80002 /* Carbon.framework */,
			);
			name = "Linked Frameworks";
			sourceTree = "<group>";
		};
		1058C7B2FEA5585E11CA2CBB /* Other Frameworks */ = {
			isa = PBXGroup;
			children = (
				0867D69BFE84028FC02AAC07 /* Foundation.framework */,
				0867D6A5FE840307C02AAC07 /* AppKit.framework */,
			);
			name = "Other Frameworks";
			sourceTree = "<group>";
		};
		F5ACCBCF033DF33101A80002 /* Sources */ = {
			isa = PBXGroup;
			children = (
				F5AD4DF70341B14B01A80002 /* MenuSharing.h */,
				F5AD4DF90341B15601A80002 /* MenuSharing.c */,
			);
			name = Sources;
			sourceTree = "<group>";
		};
/* End PBXGroup section */

/* Begin PBXHeadersBuildPhase section */
		7B0B54DE0D4A459E003BC853 /* Headers */ = {
			isa = PBXHeadersBuildPhase;
			buildActionMask = 2147483647;
			files = (
				7B0B54DF0D4A459E003BC853 /* SharedMenusObj.h in Headers */,
				7B0B54E00D4A459E003BC853 /* MenuSharing.h in Headers */,
			);
			runOnlyForDeploymentPostprocessing = 0;
		};
/* End PBXHeadersBuildPhase section */

/* Begin PBXNativeTarget section */
		7B0B54DD0D4A459E003BC853 /* SharedMenusCocoa */ = {
			isa = PBXNativeTarget;
			buildConfigurationList = 7B0B54EA0D4A459E003BC853 /* Build configuration list for PBXNativeTarget "SharedMenusCocoa" */;
			buildPhases = (
				7B0B54DE0D4A459E003BC853 /* Headers */,
				7B0B54E10D4A459E003BC853 /* Resources */,
				7B0B54E30D4A459E003BC853 /* Sources */,
				7B0B54E60D4A459E003BC853 /* Frameworks */,
			);
			buildRules = (
			);
			dependencies = (
			);
			name = SharedMenusCocoa;
			productInstallPath = "$(HOME)/Library/Frameworks";
			productName = SharedMenusCocoa;
			productReference = 7B0B54EF0D4A459E003BC853 /* SharedMenusCocoa.framework */;
			productType = "com.apple.product-type.framework";
		};
/* End PBXNativeTarget section */

/* Begin PBXProject section */
		0867D690FE84028FC02AAC07 /* Project object */ = {
			isa = PBXProject;
			buildConfigurationList = 7B0B54D60D4A4574003BC853 /* Build configuration list for PBXProject "SharedMenusCocoa" */;
			compatibilityVersion = "Xcode 2.4";
			hasScannedForEncodings = 0;
			mainGroup = 0867D691FE84028FC02AAC07 /* SharedMenusCocoa */;
			productRefGroup = 034768DFFF38A50411DB9C8B /* Products */;
			projectDirPath = "";
			projectRoot = "";
			targets = (
				7B0B54DD0D4A459E003BC853 /* SharedMenusCocoa */,
			);
		};
/* End PBXProject section */

/* Begin PBXResourcesBuildPhase section */
		7B0B54E10D4A459E003BC853 /* Resources */ = {
			isa = PBXResourcesBuildPhase;
			buildActionMask = 2147483647;
			files = (
				7B0B54E20D4A459E003BC853 /* InfoPlist.strings in Resources */,
			);
			runOnlyForDeploymentPostprocessing = 0;
		};
/* End PBXResourcesBuildPhase section */

/* Begin PBXSourcesBuildPhase section */
		7B0B54E30D4A459E003BC853 /* Sources */ = {
			isa = PBXSourcesBuildPhase;
			buildActionMask = 2147483647;
			files = (
				7B0B54E40D4A459E003BC853 /* SharedMenusObj.m in Sources */,
				7B0B54E50D4A459E003BC853 /* MenuSharing.c in Sources */,
			);
			runOnlyForDeploymentPostprocessing = 0;
		};
/* End PBXSourcesBuildPhase section */

/* Begin PBXVariantGroup section */
		089C1666FE841158C02AAC07 /* InfoPlist.strings */ = {
			isa = PBXVariantGroup;
			children = (
				089C1667FE841158C02AAC07 /* English */,
			);
			name = InfoPlist.strings;
			sourceTree = "<group>";
		};
/* End PBXVariantGroup section */

/* Begin XCBuildConfiguration section */
		7B0B54D00D4A4573003BC853 /* Development */ = {
			isa = XCBuildConfiguration;
			buildSettings = {
			};
			name = Development;
		};
		7B0B54D10D4A4573003BC853 /* Deployment */ = {
			isa = XCBuildConfiguration;
			buildSettings = {
			};
			name = Deployment;
		};
		7B0B54EB0D4A459E003BC853 /* Development */ = {
			isa = XCBuildConfiguration;
			buildSettings = {
				COPY_PHASE_STRIP = NO;
				DYLIB_COMPATIBILITY_VERSION = 1;
				DYLIB_CURRENT_VERSION = 1;
				GCC_ENABLE_FIX_AND_CONTINUE = YES;
				GCC_OPTIMIZATION_LEVEL = 0;
				INFOPLIST_FILE = Info.plist;
				INSTALL_PATH = "@executable_path/../Frameworks";
				PREBINDING = NO;
				PRODUCT_NAME = SharedMenusCocoa;
				WARNING_CFLAGS = (
					"-Wmost",
					"-Wno-four-char-constants",
					"-Wno-unknown-pragmas",
				);
			};
			name = Development;
		};
		7B0B54EC0D4A459E003BC853 /* Deployment */ = {
			isa = XCBuildConfiguration;
			buildSettings = {
				COPY_PHASE_STRIP = YES;
				DYLIB_COMPATIBILITY_VERSION = 1;
				DYLIB_CURRENT_VERSION = 1;
				INFOPLIST_FILE = Info.plist;
				INSTALL_PATH = "@executable_path/../Frameworks";
				PREBINDING = NO;
				PRODUCT_NAME = SharedMenusCocoa;
				WARNING_CFLAGS = (
					"-Wmost",
					"-Wno-four-char-constants",
					"-Wno-unknown-pragmas",
				);
			};
			name = Deployment;
		};
/* End XCBuildConfiguration section */

/* Begin XCConfigurationList section */
		7B0B54D60D4A4574003BC853 /* Build configuration list for PBXProject "SharedMenusCocoa" */ = {
			isa = XCConfigurationList;
			buildConfigurations = (
				7B0B54D00D4A4573003BC853 /* Development */,
				7B0B54D10D4A4573003BC853 /* Deployment */,
			);
			defaultConfigurationIsVisible = 0;
			defaultConfigurationName = Development;
		};
		7B0B54EA0D4A459E003BC853 /* Build configuration list for PBXNativeTarget "SharedMenusCocoa" */ = {
			isa = XCConfigurationList;
			buildConfigurations = (
				7B0B54EB0D4A459E003BC853 /* Development */,
				7B0B54EC0D4A459E003BC853 /* Deployment */,
			);
			defaultConfigurationIsVisible = 0;
			defaultConfigurationName = Development;
		};
/* End XCConfigurationList section */
	};
	rootObject = 0867D690FE84028FC02AAC07 /* Project object */;
}
